
Microsoft Visual Studio Solution File, Format Version 12.00
# Visual Studio 15
VisualStudioVersion = 15.0.28010.2036
MinimumVisualStudioVersion = 10.0.40219.1
Project("{FAE04EC0-301F-11D3-BF4B-00C04F79EFBC}") = "Microsoft.Teams.Apps.Celebration", "Microsoft.Teams.Apps.Celebration\Microsoft.Teams.Apps.Celebration.csproj", "{A8BA1066-5695-4D71-ABB4-65E5A5E0C3D4}"
EndProject
Project("{FAE04EC0-301F-11D3-BF4B-00C04F79EFBC}") = "Microsoft.Teams.Apps.Common", "Microsoft.Teams.Apps.Common\Microsoft.Teams.Apps.Common.csproj", "{7FA2791F-E894-4876-8773-A5318631365C}"
EndProject
Project("{9A19103F-16F7-4668-BE54-9A1E7A4F7556}") = "Microsoft.Teams.Apps.Celebration.Notification.Func", "Microsoft.Teams.Apps.Celebration.Notification.Func\Microsoft.Teams.Apps.Celebration.Notification.Func.csproj", "{2D93F294-E877-4988-B6FB-39F05ACFA38F}"
EndProject
Global
	GlobalSection(SolutionConfigurationPlatforms) = preSolution
		Debug|Any CPU = Debug|Any CPU
		Release|Any CPU = Release|Any CPU
	EndGlobalSection
	GlobalSection(ProjectConfigurationPlatforms) = postSolution
		{A8BA1066-5695-4D71-ABB4-65E5A5E0C3D4}.Debug|Any CPU.ActiveCfg = Debug|Any CPU
		{A8BA1066-5695-4D71-ABB4-65E5A5E0C3D4}.Debug|Any CPU.Build.0 = Debug|Any CPU
		{A8BA1066-5695-4D71-ABB4-65E5A5E0C3D4}.Release|Any CPU.ActiveCfg = Release|Any CPU
		{A8BA1066-5695-4D71-ABB4-65E5A5E0C3D4}.Release|Any CPU.Build.0 = Release|Any CPU
		{7FA2791F-E894-4876-8773-A5318631365C}.Debug|Any CPU.ActiveCfg = Debug|Any CPU
		{7FA2791F-E894-4876-8773-A5318631365C}.Debug|Any CPU.Build.0 = Debug|Any CPU
		{7FA2791F-E894-4876-8773-A5318631365C}.Release|Any CPU.ActiveCfg = Release|Any CPU
		{7FA2791F-E894-4876-8773-A5318631365C}.Release|Any CPU.Build.0 = Release|Any CPU
		{2D93F294-E877-4988-B6FB-39F05ACFA38F}.Debug|Any CPU.ActiveCfg = Debug|Any CPU
		{2D93F294-E877-4988-B6FB-39F05ACFA38F}.Debug|Any CPU.Build.0 = Debug|Any CPU
		{2D93F294-E877-4988-B6FB-39F05ACFA38F}.Release|Any CPU.ActiveCfg = Release|Any CPU
		{2D93F294-E877-4988-B6FB-39F05ACFA38F}.Release|Any CPU.Build.0 = Release|Any CPU
	EndGlobalSection
	GlobalSection(SolutionProperties) = preSolution
		HideSolutionNode = FALSE
	EndGlobalSection
	GlobalSection(ExtensibilityGlobals) = postSolution
		SolutionGuid = {3C10A400-912E-4E21-BBB1-5DD411367AA6}
	EndGlobalSection
EndGlobal
